
Microsoft Visual Studio Solution File, Format Version 12.00
# Visual Studio 2012
Project("{2150E333-8FDC-42A3-9474-1A3956D46DE8}") = "Presentation", "Presentation", "{F9312CF4-CEC0-4038-A46A-E12B65477534}"
EndProject
Project("{2150E333-8FDC-42A3-9474-1A3956D46DE8}") = "Access", "Access", "{C197F957-7E85-43A6-BD94-281200A3B212}"
EndProject
Project("{2150E333-8FDC-42A3-9474-1A3956D46DE8}") = "Database", "Database", "{3EAE1C47-AE02-4A25-A20E-F8B3BE7D45A4}"
EndProject
Project("{2150E333-8FDC-42A3-9474-1A3956D46DE8}") = "Common", "Common", "{4BBEAF41-D27F-4F75-8F65-AC2278729C6C}"
EndProject
Project("{FAE04EC0-301F-11D3-BF4B-00C04F79EFBC}") = "CG.Presentation.WebApi", "CG.Presentation.WebApi\CG.Presentation.WebApi.csproj", "{8CFD3A8A-3451-456E-A5BD-396460E8D500}"
EndProject
Project("{FAE04EC0-301F-11D3-BF4B-00C04F79EFBC}") = "CG.Access.DataAccess", "CG.Access.DataAccess\CG.Access.DataAccess.csproj", "{F44920C9-27DB-473F-8FCC-233CC47FA176}"
EndProject
Project("{2150E333-8FDC-42A3-9474-1A3956D46DE8}") = "Logic", "Logic", "{618BCEF3-704A-44F9-9B2B-81D33DA7ECF1}"
EndProject
Project("{FAE04EC0-301F-11D3-BF4B-00C04F79EFBC}") = "CG.Logic.Service", "CG.Logic.Service\CG.Logic.Service.csproj", "{E6D324A4-BF14-49FD-A46D-4794D4697EFE}"
EndProject
Project("{00D1A9C2-B5F0-4AF3-8072-F6C62B433612}") = "CG.Database", "CG.Database\CG.Database.sqlproj", "{1559B164-9E5E-4E4B-9D38-0C576F843EAD}"
EndProject
Project("{2150E333-8FDC-42A3-9474-1A3956D46DE8}") = "Test", "Test", "{417331F6-5987-4BCA-89D2-5287ABF9AC53}"
EndProject
Project("{FAE04EC0-301F-11D3-BF4B-00C04F79EFBC}") = "TestConsole", "TestConsole\TestConsole.csproj", "{38E2FA6E-DF8B-455E-A8C5-56D8476B6BA7}"
EndProject
Project("{FAE04EC0-301F-11D3-BF4B-00C04F79EFBC}") = "CG.Presentation.WebHost", "CG.Presentation.WebHost\CG.Presentation.WebHost.csproj", "{EAA249D3-F6A3-4309-BC25-845DA0C9810F}"
EndProject
Project("{FAE04EC0-301F-11D3-BF4B-00C04F79EFBC}") = "CG.Presentation.BillPrintingService", "CG.Presentation.BillPrintingService\CG.Presentation.BillPrintingService.csproj", "{8CB54376-8B02-48CA-BD5B-6E663B6181EF}"
EndProject
Project("{FAE04EC0-301F-11D3-BF4B-00C04F79EFBC}") = "CG.Presentation.OrderPrintingService", "CG.Presentation.OrderPrintingService\CG.Presentation.OrderPrintingService.csproj", "{D82AC755-CA9B-4EA3-9642-7C1884165CB2}"
EndProject
Project("{FAE04EC0-301F-11D3-BF4B-00C04F79EFBC}") = "CG.Common", "CG.Common\CG.Common.csproj", "{F5FF810F-7CCB-4EDD-B406-9CBFD8468C74}"
EndProject
Project("{FAE04EC0-301F-11D3-BF4B-00C04F79EFBC}") = "CG.Access.MessageBus", "CG.Access.MessageBus\CG.Access.MessageBus.csproj", "{9BFE42CC-C6D9-44CB-8D98-F1155CEE7DCE}"
EndProject
Project("{FAE04EC0-301F-11D3-BF4B-00C04F79EFBC}") = "CG.Logic.Dto", "CG.Logic.Dto\CG.Logic.Dto.csproj", "{EF361CFC-AE7E-4A08-A6E1-75707CB2C626}"
EndProject
Project("{FAE04EC0-301F-11D3-BF4B-00C04F79EFBC}") = "CG.Logic.Domain", "CG.Logic.Domain\CG.Logic.Domain.csproj", "{A2F7A307-8BC0-49F5-9754-4212D870CD24}"
EndProject
Global
	GlobalSection(SolutionConfigurationPlatforms) = preSolution
		Debug|Any CPU = Debug|Any CPU
		Release|Any CPU = Release|Any CPU
		roger-company|Any CPU = roger-company|Any CPU
		roger-home|Any CPU = roger-home|Any CPU
		tuzi|Any CPU = tuzi|Any CPU
	EndGlobalSection
	GlobalSection(ProjectConfigurationPlatforms) = postSolution
		{8CFD3A8A-3451-456E-A5BD-396460E8D500}.Debug|Any CPU.ActiveCfg = Debug|Any CPU
		{8CFD3A8A-3451-456E-A5BD-396460E8D500}.Debug|Any CPU.Build.0 = Debug|Any CPU
		{8CFD3A8A-3451-456E-A5BD-396460E8D500}.Release|Any CPU.ActiveCfg = Release|Any CPU
		{8CFD3A8A-3451-456E-A5BD-396460E8D500}.Release|Any CPU.Build.0 = Release|Any CPU
		{8CFD3A8A-3451-456E-A5BD-396460E8D500}.roger-company|Any CPU.ActiveCfg = roger-company|Any CPU
		{8CFD3A8A-3451-456E-A5BD-396460E8D500}.roger-company|Any CPU.Build.0 = roger-company|Any CPU
		{8CFD3A8A-3451-456E-A5BD-396460E8D500}.roger-home|Any CPU.ActiveCfg = roger-home|Any CPU
		{8CFD3A8A-3451-456E-A5BD-396460E8D500}.roger-home|Any CPU.Build.0 = roger-home|Any CPU
		{8CFD3A8A-3451-456E-A5BD-396460E8D500}.tuzi|Any CPU.ActiveCfg = tuzi|Any CPU
		{8CFD3A8A-3451-456E-A5BD-396460E8D500}.tuzi|Any CPU.Build.0 = tuzi|Any CPU
		{F44920C9-27DB-473F-8FCC-233CC47FA176}.Debug|Any CPU.ActiveCfg = Debug|Any CPU
		{F44920C9-27DB-473F-8FCC-233CC47FA176}.Debug|Any CPU.Build.0 = Debug|Any CPU
		{F44920C9-27DB-473F-8FCC-233CC47FA176}.Release|Any CPU.ActiveCfg = Release|Any CPU
		{F44920C9-27DB-473F-8FCC-233CC47FA176}.Release|Any CPU.Build.0 = Release|Any CPU
		{F44920C9-27DB-473F-8FCC-233CC47FA176}.roger-company|Any CPU.ActiveCfg = roger-company|Any CPU
		{F44920C9-27DB-473F-8FCC-233CC47FA176}.roger-company|Any CPU.Build.0 = roger-company|Any CPU
		{F44920C9-27DB-473F-8FCC-233CC47FA176}.roger-home|Any CPU.ActiveCfg = roger-home|Any CPU
		{F44920C9-27DB-473F-8FCC-233CC47FA176}.roger-home|Any CPU.Build.0 = roger-home|Any CPU
		{F44920C9-27DB-473F-8FCC-233CC47FA176}.tuzi|Any CPU.ActiveCfg = tuzi|Any CPU
		{F44920C9-27DB-473F-8FCC-233CC47FA176}.tuzi|Any CPU.Build.0 = tuzi|Any CPU
		{E6D324A4-BF14-49FD-A46D-4794D4697EFE}.Debug|Any CPU.ActiveCfg = Debug|Any CPU
		{E6D324A4-BF14-49FD-A46D-4794D4697EFE}.Debug|Any CPU.Build.0 = Debug|Any CPU
		{E6D324A4-BF14-49FD-A46D-4794D4697EFE}.Release|Any CPU.ActiveCfg = Release|Any CPU
		{E6D324A4-BF14-49FD-A46D-4794D4697EFE}.Release|Any CPU.Build.0 = Release|Any CPU
		{E6D324A4-BF14-49FD-A46D-4794D4697EFE}.roger-company|Any CPU.ActiveCfg = roger-company|Any CPU
		{E6D324A4-BF14-49FD-A46D-4794D4697EFE}.roger-company|Any CPU.Build.0 = roger-company|Any CPU
		{E6D324A4-BF14-49FD-A46D-4794D4697EFE}.roger-home|Any CPU.ActiveCfg = roger-home|Any CPU
		{E6D324A4-BF14-49FD-A46D-4794D4697EFE}.roger-home|Any CPU.Build.0 = roger-home|Any CPU
		{E6D324A4-BF14-49FD-A46D-4794D4697EFE}.tuzi|Any CPU.ActiveCfg = tuzi|Any CPU
		{E6D324A4-BF14-49FD-A46D-4794D4697EFE}.tuzi|Any CPU.Build.0 = tuzi|Any CPU
		{1559B164-9E5E-4E4B-9D38-0C576F843EAD}.Debug|Any CPU.ActiveCfg = Debug|Any CPU
		{1559B164-9E5E-4E4B-9D38-0C576F843EAD}.Debug|Any CPU.Build.0 = Debug|Any CPU
		{1559B164-9E5E-4E4B-9D38-0C576F843EAD}.Debug|Any CPU.Deploy.0 = Debug|Any CPU
		{1559B164-9E5E-4E4B-9D38-0C576F843EAD}.Release|Any CPU.ActiveCfg = Release|Any CPU
		{1559B164-9E5E-4E4B-9D38-0C576F843EAD}.Release|Any CPU.Build.0 = Release|Any CPU
		{1559B164-9E5E-4E4B-9D38-0C576F843EAD}.Release|Any CPU.Deploy.0 = Release|Any CPU
		{1559B164-9E5E-4E4B-9D38-0C576F843EAD}.roger-company|Any CPU.ActiveCfg = roger-company|Any CPU
		{1559B164-9E5E-4E4B-9D38-0C576F843EAD}.roger-company|Any CPU.Build.0 = roger-company|Any CPU
		{1559B164-9E5E-4E4B-9D38-0C576F843EAD}.roger-company|Any CPU.Deploy.0 = roger-company|Any CPU
		{1559B164-9E5E-4E4B-9D38-0C576F843EAD}.roger-home|Any CPU.ActiveCfg = roger-home|Any CPU
		{1559B164-9E5E-4E4B-9D38-0C576F843EAD}.roger-home|Any CPU.Build.0 = roger-home|Any CPU
		{1559B164-9E5E-4E4B-9D38-0C576F843EAD}.roger-home|Any CPU.Deploy.0 = roger-home|Any CPU
		{1559B164-9E5E-4E4B-9D38-0C576F843EAD}.tuzi|Any CPU.ActiveCfg = tuzi|Any CPU
		{1559B164-9E5E-4E4B-9D38-0C576F843EAD}.tuzi|Any CPU.Build.0 = tuzi|Any CPU
		{1559B164-9E5E-4E4B-9D38-0C576F843EAD}.tuzi|Any CPU.Deploy.0 = tuzi|Any CPU
		{38E2FA6E-DF8B-455E-A8C5-56D8476B6BA7}.Debug|Any CPU.ActiveCfg = Debug|Any CPU
		{38E2FA6E-DF8B-455E-A8C5-56D8476B6BA7}.Debug|Any CPU.Build.0 = Debug|Any CPU
		{38E2FA6E-DF8B-455E-A8C5-56D8476B6BA7}.Release|Any CPU.ActiveCfg = Release|Any CPU
		{38E2FA6E-DF8B-455E-A8C5-56D8476B6BA7}.Release|Any CPU.Build.0 = Release|Any CPU
		{38E2FA6E-DF8B-455E-A8C5-56D8476B6BA7}.roger-company|Any CPU.ActiveCfg = roger-company|Any CPU
		{38E2FA6E-DF8B-455E-A8C5-56D8476B6BA7}.roger-company|Any CPU.Build.0 = roger-company|Any CPU
		{38E2FA6E-DF8B-455E-A8C5-56D8476B6BA7}.roger-home|Any CPU.ActiveCfg = roger-home|Any CPU
		{38E2FA6E-DF8B-455E-A8C5-56D8476B6BA7}.roger-home|Any CPU.Build.0 = roger-home|Any CPU
		{38E2FA6E-DF8B-455E-A8C5-56D8476B6BA7}.tuzi|Any CPU.ActiveCfg = tuzi|Any CPU
		{38E2FA6E-DF8B-455E-A8C5-56D8476B6BA7}.tuzi|Any CPU.Build.0 = tuzi|Any CPU
		{EAA249D3-F6A3-4309-BC25-845DA0C9810F}.Debug|Any CPU.ActiveCfg = Debug|Any CPU
		{EAA249D3-F6A3-4309-BC25-845DA0C9810F}.Debug|Any CPU.Build.0 = Debug|Any CPU
		{EAA249D3-F6A3-4309-BC25-845DA0C9810F}.Release|Any CPU.ActiveCfg = Release|Any CPU
		{EAA249D3-F6A3-4309-BC25-845DA0C9810F}.Release|Any CPU.Build.0 = Release|Any CPU
		{EAA249D3-F6A3-4309-BC25-845DA0C9810F}.roger-company|Any CPU.ActiveCfg = roger-company|Any CPU
		{EAA249D3-F6A3-4309-BC25-845DA0C9810F}.roger-company|Any CPU.Build.0 = roger-company|Any CPU
		{EAA249D3-F6A3-4309-BC25-845DA0C9810F}.roger-home|Any CPU.ActiveCfg = roger-home|Any CPU
		{EAA249D3-F6A3-4309-BC25-845DA0C9810F}.roger-home|Any CPU.Build.0 = roger-home|Any CPU
		{EAA249D3-F6A3-4309-BC25-845DA0C9810F}.tuzi|Any CPU.ActiveCfg = tuzi|Any CPU
		{EAA249D3-F6A3-4309-BC25-845DA0C9810F}.tuzi|Any CPU.Build.0 = tuzi|Any CPU
		{8CB54376-8B02-48CA-BD5B-6E663B6181EF}.Debug|Any CPU.ActiveCfg = Debug|Any CPU
		{8CB54376-8B02-48CA-BD5B-6E663B6181EF}.Debug|Any CPU.Build.0 = Debug|Any CPU
		{8CB54376-8B02-48CA-BD5B-6E663B6181EF}.Release|Any CPU.ActiveCfg = Release|Any CPU
		{8CB54376-8B02-48CA-BD5B-6E663B6181EF}.Release|Any CPU.Build.0 = Release|Any CPU
		{8CB54376-8B02-48CA-BD5B-6E663B6181EF}.roger-company|Any CPU.ActiveCfg = roger-company|Any CPU
		{8CB54376-8B02-48CA-BD5B-6E663B6181EF}.roger-company|Any CPU.Build.0 = roger-company|Any CPU
		{8CB54376-8B02-48CA-BD5B-6E663B6181EF}.roger-home|Any CPU.ActiveCfg = roger-home|Any CPU
		{8CB54376-8B02-48CA-BD5B-6E663B6181EF}.roger-home|Any CPU.Build.0 = roger-home|Any CPU
		{8CB54376-8B02-48CA-BD5B-6E663B6181EF}.tuzi|Any CPU.ActiveCfg = tuzi|Any CPU
		{8CB54376-8B02-48CA-BD5B-6E663B6181EF}.tuzi|Any CPU.Build.0 = tuzi|Any CPU
		{D82AC755-CA9B-4EA3-9642-7C1884165CB2}.Debug|Any CPU.ActiveCfg = Debug|Any CPU
		{D82AC755-CA9B-4EA3-9642-7C1884165CB2}.Debug|Any CPU.Build.0 = Debug|Any CPU
		{D82AC755-CA9B-4EA3-9642-7C1884165CB2}.Release|Any CPU.ActiveCfg = Release|Any CPU
		{D82AC755-CA9B-4EA3-9642-7C1884165CB2}.Release|Any CPU.Build.0 = Release|Any CPU
		{D82AC755-CA9B-4EA3-9642-7C1884165CB2}.roger-company|Any CPU.ActiveCfg = roger-company|Any CPU
		{D82AC755-CA9B-4EA3-9642-7C1884165CB2}.roger-company|Any CPU.Build.0 = roger-company|Any CPU
		{D82AC755-CA9B-4EA3-9642-7C1884165CB2}.roger-home|Any CPU.ActiveCfg = roger-home|Any CPU
		{D82AC755-CA9B-4EA3-9642-7C1884165CB2}.roger-home|Any CPU.Build.0 = roger-home|Any CPU
		{D82AC755-CA9B-4EA3-9642-7C1884165CB2}.tuzi|Any CPU.ActiveCfg = tuzi|Any CPU
		{D82AC755-CA9B-4EA3-9642-7C1884165CB2}.tuzi|Any CPU.Build.0 = tuzi|Any CPU
		{F5FF810F-7CCB-4EDD-B406-9CBFD8468C74}.Debug|Any CPU.ActiveCfg = Debug|Any CPU
		{F5FF810F-7CCB-4EDD-B406-9CBFD8468C74}.Debug|Any CPU.Build.0 = Debug|Any CPU
		{F5FF810F-7CCB-4EDD-B406-9CBFD8468C74}.Release|Any CPU.ActiveCfg = Release|Any CPU
		{F5FF810F-7CCB-4EDD-B406-9CBFD8468C74}.Release|Any CPU.Build.0 = Release|Any CPU
		{F5FF810F-7CCB-4EDD-B406-9CBFD8468C74}.roger-company|Any CPU.ActiveCfg = roger-company|Any CPU
		{F5FF810F-7CCB-4EDD-B406-9CBFD8468C74}.roger-company|Any CPU.Build.0 = roger-company|Any CPU
		{F5FF810F-7CCB-4EDD-B406-9CBFD8468C74}.roger-home|Any CPU.ActiveCfg = roger-home|Any CPU
		{F5FF810F-7CCB-4EDD-B406-9CBFD8468C74}.roger-home|Any CPU.Build.0 = roger-home|Any CPU
		{F5FF810F-7CCB-4EDD-B406-9CBFD8468C74}.tuzi|Any CPU.ActiveCfg = tuzi|Any CPU
		{F5FF810F-7CCB-4EDD-B406-9CBFD8468C74}.tuzi|Any CPU.Build.0 = tuzi|Any CPU
		{9BFE42CC-C6D9-44CB-8D98-F1155CEE7DCE}.Debug|Any CPU.ActiveCfg = Debug|Any CPU
		{9BFE42CC-C6D9-44CB-8D98-F1155CEE7DCE}.Debug|Any CPU.Build.0 = Debug|Any CPU
		{9BFE42CC-C6D9-44CB-8D98-F1155CEE7DCE}.Release|Any CPU.ActiveCfg = Release|Any CPU
		{9BFE42CC-C6D9-44CB-8D98-F1155CEE7DCE}.Release|Any CPU.Build.0 = Release|Any CPU
		{9BFE42CC-C6D9-44CB-8D98-F1155CEE7DCE}.roger-company|Any CPU.ActiveCfg = roger-company|Any CPU
		{9BFE42CC-C6D9-44CB-8D98-F1155CEE7DCE}.roger-company|Any CPU.Build.0 = roger-company|Any CPU
		{9BFE42CC-C6D9-44CB-8D98-F1155CEE7DCE}.roger-home|Any CPU.ActiveCfg = roger-home|Any CPU
		{9BFE42CC-C6D9-44CB-8D98-F1155CEE7DCE}.roger-home|Any CPU.Build.0 = roger-home|Any CPU
		{9BFE42CC-C6D9-44CB-8D98-F1155CEE7DCE}.tuzi|Any CPU.ActiveCfg = tuzi|Any CPU
		{9BFE42CC-C6D9-44CB-8D98-F1155CEE7DCE}.tuzi|Any CPU.Build.0 = tuzi|Any CPU
		{EF361CFC-AE7E-4A08-A6E1-75707CB2C626}.Debug|Any CPU.ActiveCfg = Debug|Any CPU
		{EF361CFC-AE7E-4A08-A6E1-75707CB2C626}.Debug|Any CPU.Build.0 = Debug|Any CPU
		{EF361CFC-AE7E-4A08-A6E1-75707CB2C626}.Release|Any CPU.ActiveCfg = Release|Any CPU
		{EF361CFC-AE7E-4A08-A6E1-75707CB2C626}.Release|Any CPU.Build.0 = Release|Any CPU
		{EF361CFC-AE7E-4A08-A6E1-75707CB2C626}.roger-company|Any CPU.ActiveCfg = roger-company|Any CPU
		{EF361CFC-AE7E-4A08-A6E1-75707CB2C626}.roger-company|Any CPU.Build.0 = roger-company|Any CPU
		{EF361CFC-AE7E-4A08-A6E1-75707CB2C626}.roger-home|Any CPU.ActiveCfg = roger-home|Any CPU
		{EF361CFC-AE7E-4A08-A6E1-75707CB2C626}.roger-home|Any CPU.Build.0 = roger-home|Any CPU
		{EF361CFC-AE7E-4A08-A6E1-75707CB2C626}.tuzi|Any CPU.ActiveCfg = tuzi|Any CPU
		{EF361CFC-AE7E-4A08-A6E1-75707CB2C626}.tuzi|Any CPU.Build.0 = tuzi|Any CPU
		{A2F7A307-8BC0-49F5-9754-4212D870CD24}.Debug|Any CPU.ActiveCfg = Debug|Any CPU
		{A2F7A307-8BC0-49F5-9754-4212D870CD24}.Debug|Any CPU.Build.0 = Debug|Any CPU
		{A2F7A307-8BC0-49F5-9754-4212D870CD24}.Release|Any CPU.ActiveCfg = Release|Any CPU
		{A2F7A307-8BC0-49F5-9754-4212D870CD24}.Release|Any CPU.Build.0 = Release|Any CPU
		{A2F7A307-8BC0-49F5-9754-4212D870CD24}.roger-company|Any CPU.ActiveCfg = roger-company|Any CPU
		{A2F7A307-8BC0-49F5-9754-4212D870CD24}.roger-company|Any CPU.Build.0 = roger-company|Any CPU
		{A2F7A307-8BC0-49F5-9754-4212D870CD24}.roger-home|Any CPU.ActiveCfg = roger-home|Any CPU
		{A2F7A307-8BC0-49F5-9754-4212D870CD24}.roger-home|Any CPU.Build.0 = roger-home|Any CPU
		{A2F7A307-8BC0-49F5-9754-4212D870CD24}.tuzi|Any CPU.ActiveCfg = tuzi|Any CPU
		{A2F7A307-8BC0-49F5-9754-4212D870CD24}.tuzi|Any CPU.Build.0 = tuzi|Any CPU
	EndGlobalSection
	GlobalSection(SolutionProperties) = preSolution
		HideSolutionNode = FALSE
	EndGlobalSection
	GlobalSection(NestedProjects) = preSolution
		{8CFD3A8A-3451-456E-A5BD-396460E8D500} = {F9312CF4-CEC0-4038-A46A-E12B65477534}
		{EAA249D3-F6A3-4309-BC25-845DA0C9810F} = {F9312CF4-CEC0-4038-A46A-E12B65477534}
		{8CB54376-8B02-48CA-BD5B-6E663B6181EF} = {F9312CF4-CEC0-4038-A46A-E12B65477534}
		{D82AC755-CA9B-4EA3-9642-7C1884165CB2} = {F9312CF4-CEC0-4038-A46A-E12B65477534}
		{F44920C9-27DB-473F-8FCC-233CC47FA176} = {C197F957-7E85-43A6-BD94-281200A3B212}
		{9BFE42CC-C6D9-44CB-8D98-F1155CEE7DCE} = {C197F957-7E85-43A6-BD94-281200A3B212}
		{1559B164-9E5E-4E4B-9D38-0C576F843EAD} = {3EAE1C47-AE02-4A25-A20E-F8B3BE7D45A4}
		{F5FF810F-7CCB-4EDD-B406-9CBFD8468C74} = {4BBEAF41-D27F-4F75-8F65-AC2278729C6C}
		{E6D324A4-BF14-49FD-A46D-4794D4697EFE} = {618BCEF3-704A-44F9-9B2B-81D33DA7ECF1}
		{EF361CFC-AE7E-4A08-A6E1-75707CB2C626} = {618BCEF3-704A-44F9-9B2B-81D33DA7ECF1}
		{A2F7A307-8BC0-49F5-9754-4212D870CD24} = {618BCEF3-704A-44F9-9B2B-81D33DA7ECF1}
		{38E2FA6E-DF8B-455E-A8C5-56D8476B6BA7} = {417331F6-5987-4BCA-89D2-5287ABF9AC53}
	EndGlobalSection
EndGlobal
