
Microsoft Visual Studio Solution File, Format Version 12.00
# Visual Studio 2012
Project("{2150E333-8FDC-42A3-9474-1A3956D46DE8}") = "Presentation", "Presentation", "{F9312CF4-CEC0-4038-A46A-E12B65477534}"
EndProject
Project("{2150E333-8FDC-42A3-9474-1A3956D46DE8}") = "Access", "Access", "{C197F957-7E85-43A6-BD94-281200A3B212}"
EndProject
Project("{2150E333-8FDC-42A3-9474-1A3956D46DE8}") = "Database", "Database", "{3EAE1C47-AE02-4A25-A20E-F8B3BE7D45A4}"
EndProject
Project("{2150E333-8FDC-42A3-9474-1A3956D46DE8}") = "Common", "Common", "{4BBEAF41-D27F-4F75-8F65-AC2278729C6C}"
EndProject
Project("{FAE04EC0-301F-11D3-BF4B-00C04F79EFBC}") = "CG.Presentation.WebApi", "CG.Presentation.WebApi\CG.Presentation.WebApi.csproj", "{8CFD3A8A-3451-456E-A5BD-396460E8D500}"
EndProject
Project("{FAE04EC0-301F-11D3-BF4B-00C04F79EFBC}") = "CG.Access.DataAccess", "CG.Access.DataAccess\CG.Access.DataAccess.csproj", "{F44920C9-27DB-473F-8FCC-233CC47FA176}"
EndProject
Project("{2150E333-8FDC-42A3-9474-1A3956D46DE8}") = "Logic", "Logic", "{618BCEF3-704A-44F9-9B2B-81D33DA7ECF1}"
EndProject
Project("{FAE04EC0-301F-11D3-BF4B-00C04F79EFBC}") = "CG.Logic.Service", "CG.Logic.Service\CG.Logic.Service.csproj", "{E6D324A4-BF14-49FD-A46D-4794D4697EFE}"
EndProject
Global
	GlobalSection(SolutionConfigurationPlatforms) = preSolution
		Debug|Any CPU = Debug|Any CPU
		Release|Any CPU = Release|Any CPU
	EndGlobalSection
	GlobalSection(ProjectConfigurationPlatforms) = postSolution
		{8CFD3A8A-3451-456E-A5BD-396460E8D500}.Debug|Any CPU.ActiveCfg = Debug|Any CPU
		{8CFD3A8A-3451-456E-A5BD-396460E8D500}.Debug|Any CPU.Build.0 = Debug|Any CPU
		{8CFD3A8A-3451-456E-A5BD-396460E8D500}.Release|Any CPU.ActiveCfg = Release|Any CPU
		{8CFD3A8A-3451-456E-A5BD-396460E8D500}.Release|Any CPU.Build.0 = Release|Any CPU
		{F44920C9-27DB-473F-8FCC-233CC47FA176}.Debug|Any CPU.ActiveCfg = Debug|Any CPU
		{F44920C9-27DB-473F-8FCC-233CC47FA176}.Debug|Any CPU.Build.0 = Debug|Any CPU
		{F44920C9-27DB-473F-8FCC-233CC47FA176}.Release|Any CPU.ActiveCfg = Release|Any CPU
		{F44920C9-27DB-473F-8FCC-233CC47FA176}.Release|Any CPU.Build.0 = Release|Any CPU
		{E6D324A4-BF14-49FD-A46D-4794D4697EFE}.Debug|Any CPU.ActiveCfg = Debug|Any CPU
		{E6D324A4-BF14-49FD-A46D-4794D4697EFE}.Debug|Any CPU.Build.0 = Debug|Any CPU
		{E6D324A4-BF14-49FD-A46D-4794D4697EFE}.Release|Any CPU.ActiveCfg = Release|Any CPU
		{E6D324A4-BF14-49FD-A46D-4794D4697EFE}.Release|Any CPU.Build.0 = Release|Any CPU
	EndGlobalSection
	GlobalSection(SolutionProperties) = preSolution
		HideSolutionNode = FALSE
	EndGlobalSection
	GlobalSection(NestedProjects) = preSolution
		{8CFD3A8A-3451-456E-A5BD-396460E8D500} = {F9312CF4-CEC0-4038-A46A-E12B65477534}
		{F44920C9-27DB-473F-8FCC-233CC47FA176} = {C197F957-7E85-43A6-BD94-281200A3B212}
		{E6D324A4-BF14-49FD-A46D-4794D4697EFE} = {618BCEF3-704A-44F9-9B2B-81D33DA7ECF1}
	EndGlobalSection
EndGlobal
